{
  "originHash" : "74ae33fc2ca6c54f7697888451516a72235fb9677805a8ac4fab5277421cae7c",
  "pins" : [
    {
      "identity" : "appauth-ios",
      "kind" : "remoteSourceControl",
      "location" : "https://github.com/openid/AppAuth-iOS.git",
      "state" : {
        "revision" : "2781038865a80e2c425a1da12cc1327bcd56501f",
        "version" : "1.7.6"
      }
    },
    {
      "identity" : "pingone-mobile-sdk-ios",
      "kind" : "remoteSourceControl",
      "location" : "https://gitlab.corp.pingidentity.com/github-clones/pingone-mobile-sdk-ios.git",
      "state" : {
        "branch" : "main",
        "revision" : "31ef8fa3a3097407dfd9d924005ab04512187eb8"
      }
    }
  ],
  "version" : 3
}
