{
  "originHash" : "b3fd86ef8c4c9af9927433d4735ceda57a07de8968368d27236cf76dbe1e8f5c",
  "pins" : [
    {
      "identity" : "appauth-ios",
      "kind" : "remoteSourceControl",
      "location" : "https://github.com/openid/AppAuth-iOS.git",
      "state" : {
        "revision" : "2781038865a80e2c425a1da12cc1327bcd56501f",
        "version" : "1.7.6"
      }
    },
    {
      "identity" : "pingone-mobile-sdk-ios",
      "kind" : "remoteSourceControl",
      "location" : "https://github.com/pingidentity/pingone-mobile-sdk-ios.git",
      "state" : {
        "branch" : "main",
        "revision" : "6023edf096b885a7208efe7d94b230180a7318cc"
      }
    }
  ],
  "version" : 3
}
